
Microsoft Visual Studio Solution File, Format Version 12.00
# Visual Studio Version 17
VisualStudioVersion = 17.11.35222.181
MinimumVisualStudioVersion = 10.0.40219.1
Project("{9A19103F-16F7-4668-BE54-9A1E7A4F7556}") = "MenuForTelegramBot", "MenuForTelegramBot\MenuForTelegramBot.csproj", "{DFBAF321-29EB-4F42-83F1-A9B3935EBDD0}"
EndProject
Project("{9A19103F-16F7-4668-BE54-9A1E7A4F7556}") = "Exceptions", "Exeptions\Exceptions.csproj", "{E1AD9F12-25F9-497F-938D-DF67F3F4106F}"
EndProject
Project("{9A19103F-16F7-4668-BE54-9A1E7A4F7556}") = "Stack", "Stack\Stack.csproj", "{0977E056-2204-4FF5-9995-744EEC4D646A}"
EndProject
Project("{9A19103F-16F7-4668-BE54-9A1E7A4F7556}") = "Interfaces", "Interfaces\Interfaces.csproj", "{12F4472F-F6C6-4B95-A399-F205D807AAA3}"
EndProject
Project("{9A19103F-16F7-4668-BE54-9A1E7A4F7556}") = "AnonymusTypes", "AnonymusTypes\AnonymusTypes.csproj", "{58B54C92-98E1-4C68-943C-6860B661069B}"
EndProject
Project("{9A19103F-16F7-4668-BE54-9A1E7A4F7556}") = "Tuples", "Tuples\Tuples.csproj", "{67671186-9022-40C1-9CE6-0759C15D264C}"
EndProject
Project("{9A19103F-16F7-4668-BE54-9A1E7A4F7556}") = "DelagateLambda", "DelagateLambda\DelagateLambda.csproj", "{BD387288-6BB6-4856-85C7-A8A5D5990653}"
EndProject
Project("{FAE04EC0-301F-11D3-BF4B-00C04F79EFBC}") = "FilesAndDirectories", "FilesAndDirectories\FilesAndDirectories.csproj", "{2442250B-7FB8-44ED-BF99-F2BA8448A325}"
EndProject
Global
	GlobalSection(SolutionConfigurationPlatforms) = preSolution
		Debug|Any CPU = Debug|Any CPU
		Release|Any CPU = Release|Any CPU
	EndGlobalSection
	GlobalSection(ProjectConfigurationPlatforms) = postSolution
		{DFBAF321-29EB-4F42-83F1-A9B3935EBDD0}.Debug|Any CPU.ActiveCfg = Debug|Any CPU
		{DFBAF321-29EB-4F42-83F1-A9B3935EBDD0}.Debug|Any CPU.Build.0 = Debug|Any CPU
		{DFBAF321-29EB-4F42-83F1-A9B3935EBDD0}.Release|Any CPU.ActiveCfg = Release|Any CPU
		{DFBAF321-29EB-4F42-83F1-A9B3935EBDD0}.Release|Any CPU.Build.0 = Release|Any CPU
		{E1AD9F12-25F9-497F-938D-DF67F3F4106F}.Debug|Any CPU.ActiveCfg = Debug|Any CPU
		{E1AD9F12-25F9-497F-938D-DF67F3F4106F}.Debug|Any CPU.Build.0 = Debug|Any CPU
		{E1AD9F12-25F9-497F-938D-DF67F3F4106F}.Release|Any CPU.ActiveCfg = Release|Any CPU
		{E1AD9F12-25F9-497F-938D-DF67F3F4106F}.Release|Any CPU.Build.0 = Release|Any CPU
		{0977E056-2204-4FF5-9995-744EEC4D646A}.Debug|Any CPU.ActiveCfg = Debug|Any CPU
		{0977E056-2204-4FF5-9995-744EEC4D646A}.Debug|Any CPU.Build.0 = Debug|Any CPU
		{0977E056-2204-4FF5-9995-744EEC4D646A}.Release|Any CPU.ActiveCfg = Release|Any CPU
		{0977E056-2204-4FF5-9995-744EEC4D646A}.Release|Any CPU.Build.0 = Release|Any CPU
		{12F4472F-F6C6-4B95-A399-F205D807AAA3}.Debug|Any CPU.ActiveCfg = Debug|Any CPU
		{12F4472F-F6C6-4B95-A399-F205D807AAA3}.Debug|Any CPU.Build.0 = Debug|Any CPU
		{12F4472F-F6C6-4B95-A399-F205D807AAA3}.Release|Any CPU.ActiveCfg = Release|Any CPU
		{12F4472F-F6C6-4B95-A399-F205D807AAA3}.Release|Any CPU.Build.0 = Release|Any CPU
		{58B54C92-98E1-4C68-943C-6860B661069B}.Debug|Any CPU.ActiveCfg = Debug|Any CPU
		{58B54C92-98E1-4C68-943C-6860B661069B}.Debug|Any CPU.Build.0 = Debug|Any CPU
		{58B54C92-98E1-4C68-943C-6860B661069B}.Release|Any CPU.ActiveCfg = Release|Any CPU
		{58B54C92-98E1-4C68-943C-6860B661069B}.Release|Any CPU.Build.0 = Release|Any CPU
		{67671186-9022-40C1-9CE6-0759C15D264C}.Debug|Any CPU.ActiveCfg = Debug|Any CPU
		{67671186-9022-40C1-9CE6-0759C15D264C}.Debug|Any CPU.Build.0 = Debug|Any CPU
		{67671186-9022-40C1-9CE6-0759C15D264C}.Release|Any CPU.ActiveCfg = Release|Any CPU
		{67671186-9022-40C1-9CE6-0759C15D264C}.Release|Any CPU.Build.0 = Release|Any CPU
		{BD387288-6BB6-4856-85C7-A8A5D5990653}.Debug|Any CPU.ActiveCfg = Debug|Any CPU
		{BD387288-6BB6-4856-85C7-A8A5D5990653}.Debug|Any CPU.Build.0 = Debug|Any CPU
		{BD387288-6BB6-4856-85C7-A8A5D5990653}.Release|Any CPU.ActiveCfg = Release|Any CPU
		{BD387288-6BB6-4856-85C7-A8A5D5990653}.Release|Any CPU.Build.0 = Release|Any CPU
		{2442250B-7FB8-44ED-BF99-F2BA8448A325}.Debug|Any CPU.ActiveCfg = Debug|Any CPU
		{2442250B-7FB8-44ED-BF99-F2BA8448A325}.Debug|Any CPU.Build.0 = Debug|Any CPU
		{2442250B-7FB8-44ED-BF99-F2BA8448A325}.Release|Any CPU.ActiveCfg = Release|Any CPU
		{2442250B-7FB8-44ED-BF99-F2BA8448A325}.Release|Any CPU.Build.0 = Release|Any CPU
	EndGlobalSection
	GlobalSection(SolutionProperties) = preSolution
		HideSolutionNode = FALSE
	EndGlobalSection
	GlobalSection(ExtensibilityGlobals) = postSolution
		SolutionGuid = {B5E9C3EE-264E-49D1-BDFF-A7FE4A2D8445}
	EndGlobalSection
EndGlobal
